
Microsoft Visual Studio Solution File, Format Version 12.00
# Visual Studio Version 16
VisualStudioVersion = 16.0.35130.168
MinimumVisualStudioVersion = 10.0.40219.1
Project("{FAE04EC0-301F-11D3-BF4B-00C04F79EFBC}") = "JogoDaFoca", "JogoDaFoca\JogoDaFoca.csproj", "{CA55FBDA-B722-45E6-91A2-FB14935AAD29}"
EndProject
Global
	GlobalSection(SolutionConfigurationPlatforms) = preSolution
		Debug|Any CPU = Debug|Any CPU
		Release|Any CPU = Release|Any CPU
	EndGlobalSection
	GlobalSection(ProjectConfigurationPlatforms) = postSolution
		{CA55FBDA-B722-45E6-91A2-FB14935AAD29}.Debug|Any CPU.ActiveCfg = Debug|Any CPU
		{CA55FBDA-B722-45E6-91A2-FB14935AAD29}.Debug|Any CPU.Build.0 = Debug|Any CPU
		{CA55FBDA-B722-45E6-91A2-FB14935AAD29}.Release|Any CPU.ActiveCfg = Release|Any CPU
		{CA55FBDA-B722-45E6-91A2-FB14935AAD29}.Release|Any CPU.Build.0 = Release|Any CPU
	EndGlobalSection
	GlobalSection(SolutionProperties) = preSolution
		HideSolutionNode = FALSE
	EndGlobalSection
	GlobalSection(ExtensibilityGlobals) = postSolution
		SolutionGuid = {42BF080F-B631-466B-B68D-0D49669D8B73}
	EndGlobalSection
EndGlobal
